{
  "requires": true,
  "lockfileVersion": 1,
  "dependencies": {
    "aws-sdk": {
      "version": "2.315.0",
      "resolved": "http://registry.npm.taobao.org/aws-sdk/download/aws-sdk-2.315.0.tgz",
      "dependencies": {
        "buffer": {
          "version": "http://registry.npm.taobao.org/buffer/download/buffer-4.9.1.tgz",
          "bundled": true
        },
        "events": {
          "version": "http://registry.npm.taobao.org/events/download/events-1.1.1.tgz",
          "bundled": true
        },
        "ieee754": {
          "version": "http://registry.npm.taobao.org/ieee754/download/ieee754-1.1.8.tgz",
          "bundled": true
        },
        "jmespath": {
          "version": "http://registry.npm.taobao.org/jmespath/download/jmespath-0.15.0.tgz",
          "bundled": true
        },
        "querystring": {
          "version": "http://registry.npm.taobao.org/querystring/download/querystring-0.2.0.tgz",
          "bundled": true
        },
        "sax": {
          "version": "http://registry.npm.taobao.org/sax/download/sax-1.2.1.tgz",
          "bundled": true
        },
        "url": {
          "version": "http://registry.npm.taobao.org/url/download/url-0.10.3.tgz",
          "bundled": true
        },
        "uuid": {
          "version": "http://registry.npm.taobao.org/uuid/download/uuid-3.1.0.tgz",
          "bundled": true
        },
        "xml2js": {
          "version": "http://registry.npm.taobao.org/xml2js/download/xml2js-0.4.19.tgz",
          "bundled": true
        }
      }
    },
    "body-parser": {
      "version": "1.18.2",
      "resolved": "http://registry.npm.taobao.org/body-parser/download/body-parser-1.18.2.tgz"
    },
    "express": {
      "version": "4.16.3",
      "resolved": "http://registry.npm.taobao.org/express/download/express-4.16.3.tgz",
      "requires": {
        "body-parser": "1.18.2"
      },
      "dependencies": {
        "accepts": {
          "version": "http://registry.npm.taobao.org/accepts/download/accepts-1.3.5.tgz",
          "bundled": true,
          "dependencies": {
            "mime-types": {
              "version": "http://registry.npm.taobao.org/mime-types/download/mime-types-2.1.20.tgz",
              "bundled": true
            },
            "negotiator": {
              "version": "http://registry.npm.taobao.org/negotiator/download/negotiator-0.6.1.tgz",
              "bundled": true
            }
          }
        },
        "array-flatten": {
          "version": "http://registry.npm.taobao.org/array-flatten/download/array-flatten-1.1.1.tgz",
          "bundled": true
        },
        "body-parser": {
          "version": "http://registry.npm.taobao.org/body-parser/download/body-parser-1.18.2.tgz",
          "bundled": true,
          "dependencies": {
            "bytes": {
              "version": "http://registry.npm.taobao.org/bytes/download/bytes-3.0.0.tgz"
            },
            "content-type": {
              "version": "http://registry.npm.taobao.org/content-type/download/content-type-1.0.4.tgz"
            },
            "debug": {
              "version": "http://registry.npm.taobao.org/debug/download/debug-2.6.9.tgz"
            },
            "depd": {
              "version": "http://registry.npm.taobao.org/depd/download/depd-1.1.2.tgz"
            },
            "http-errors": {
              "version": "http://registry.npm.taobao.org/http-errors/download/http-errors-1.6.3.tgz",
              "dependencies": {
                "depd": {
                  "version": "http://registry.npm.taobao.org/depd/download/depd-1.1.2.tgz"
                },
                "inherits": {
                  "version": "http://registry.npm.taobao.org/inherits/download/inherits-2.0.3.tgz"
                },
                "setprototypeof": {
                  "version": "http://registry.npm.taobao.org/setprototypeof/download/setprototypeof-1.1.0.tgz"
                },
                "statuses": {
                  "version": "http://registry.npm.taobao.org/statuses/download/statuses-1.5.0.tgz"
                }
              }
            },
            "iconv-lite": {
              "version": "http://registry.npm.taobao.org/iconv-lite/download/iconv-lite-0.4.19.tgz"
            },
            "on-finished": {
              "version": "http://registry.npm.taobao.org/on-finished/download/on-finished-2.3.0.tgz",
              "dependencies": {
                "ee-first": {
                  "version": "http://registry.npm.taobao.org/ee-first/download/ee-first-1.1.1.tgz",
                  "bundled": true
                }
              }
            },
            "qs": {
              "version": "http://registry.npm.taobao.org/qs/download/qs-6.5.1.tgz"
            },
            "raw-body": {
              "version": "http://registry.npm.taobao.org/raw-body/download/raw-body-2.3.2.tgz"
            },
            "type-is": {
              "version": "http://registry.npm.taobao.org/type-is/download/type-is-1.6.16.tgz",
              "dependencies": {
                "media-typer": {
                  "version": "http://registry.npm.taobao.org/media-typer/download/media-typer-0.3.0.tgz",
                  "bundled": true
                },
                "mime-types": {
                  "version": "http://registry.npm.taobao.org/mime-types/download/mime-types-2.1.20.tgz",
                  "bundled": true,
                  "dependencies": {
                    "mime-db": {
                      "version": "http://registry.npm.taobao.org/mime-db/download/mime-db-1.36.0.tgz",
                      "bundled": true
                    }
                  }
                }
              }
            }
          }
        },
        "content-disposition": {
          "version": "http://registry.npm.taobao.org/content-disposition/download/content-disposition-0.5.2.tgz",
          "bundled": true
        },
        "content-type": {
          "version": "http://registry.npm.taobao.org/content-type/download/content-type-1.0.4.tgz",
          "bundled": true
        },
        "cookie": {
          "version": "http://registry.npm.taobao.org/cookie/download/cookie-0.3.1.tgz",
          "bundled": true
        },
        "cookie-signature": {
          "version": "http://registry.npm.taobao.org/cookie-signature/download/cookie-signature-1.0.6.tgz",
          "bundled": true
        },
        "debug": {
          "version": "http://registry.npm.taobao.org/debug/download/debug-2.6.9.tgz",
          "bundled": true,
          "dependencies": {
            "ms": {
              "version": "http://registry.npm.taobao.org/ms/download/ms-2.0.0.tgz"
            }
          }
        },
        "depd": {
          "version": "http://registry.npm.taobao.org/depd/download/depd-1.1.2.tgz",
          "bundled": true
        },
        "encodeurl": {
          "version": "http://registry.npm.taobao.org/encodeurl/download/encodeurl-1.0.2.tgz",
          "bundled": true
        },
        "escape-html": {
          "version": "http://registry.npm.taobao.org/escape-html/download/escape-html-1.0.3.tgz",
          "bundled": true
        },
        "etag": {
          "version": "http://registry.npm.taobao.org/etag/download/etag-1.8.1.tgz",
          "bundled": true
        },
        "finalhandler": {
          "version": "http://registry.npm.taobao.org/finalhandler/download/finalhandler-1.1.1.tgz",
          "bundled": true
        },
        "fresh": {
          "version": "http://registry.npm.taobao.org/fresh/download/fresh-0.5.2.tgz",
          "bundled": true
        },
        "merge-descriptors": {
          "version": "http://registry.npm.taobao.org/merge-descriptors/download/merge-descriptors-1.0.1.tgz",
          "bundled": true
        },
        "methods": {
          "version": "http://registry.npm.taobao.org/methods/download/methods-1.1.2.tgz",
          "bundled": true
        },
        "on-finished": {
          "version": "http://registry.npm.taobao.org/on-finished/download/on-finished-2.3.0.tgz",
          "bundled": true,
          "dependencies": {
            "ee-first": {
              "version": "http://registry.npm.taobao.org/ee-first/download/ee-first-1.1.1.tgz",
              "bundled": true
            }
          }
        },
        "parseurl": {
          "version": "http://registry.npm.taobao.org/parseurl/download/parseurl-1.3.2.tgz",
          "bundled": true
        },
        "path-to-regexp": {
          "version": "http://registry.npm.taobao.org/path-to-regexp/download/path-to-regexp-0.1.7.tgz",
          "bundled": true
        },
        "proxy-addr": {
          "version": "http://registry.npm.taobao.org/proxy-addr/download/proxy-addr-2.0.4.tgz",
          "bundled": true
        },
        "qs": {
          "version": "http://registry.npm.taobao.org/qs/download/qs-6.5.1.tgz",
          "bundled": true
        },
        "range-parser": {
          "version": "http://registry.npm.taobao.org/range-parser/download/range-parser-1.2.0.tgz",
          "bundled": true
        },
        "safe-buffer": {
          "version": "http://registry.npm.taobao.org/safe-buffer/download/safe-buffer-5.1.1.tgz",
          "bundled": true
        },
        "send": {
          "version": "http://registry.npm.taobao.org/send/download/send-0.16.2.tgz",
          "bundled": true
        },
        "serve-static": {
          "version": "http://registry.npm.taobao.org/serve-static/download/serve-static-1.13.2.tgz",
          "bundled": true
        },
        "setprototypeof": {
          "version": "http://registry.npm.taobao.org/setprototypeof/download/setprototypeof-1.1.0.tgz",
          "bundled": true
        },
        "statuses": {
          "version": "http://registry.npm.taobao.org/statuses/download/statuses-1.4.0.tgz",
          "bundled": true
        },
        "type-is": {
          "version": "http://registry.npm.taobao.org/type-is/download/type-is-1.6.16.tgz",
          "bundled": true,
          "dependencies": {
            "media-typer": {
              "version": "http://registry.npm.taobao.org/media-typer/download/media-typer-0.3.0.tgz",
              "bundled": true
            },
            "mime-types": {
              "version": "http://registry.npm.taobao.org/mime-types/download/mime-types-2.1.20.tgz",
              "bundled": true,
              "dependencies": {}
            }
          }
        },
        "utils-merge": {
          "version": "http://registry.npm.taobao.org/utils-merge/download/utils-merge-1.0.1.tgz",
          "bundled": true
        },
        "vary": {
          "version": "http://registry.npm.taobao.org/vary/download/vary-1.1.2.tgz",
          "bundled": true
        }
      }
    },
    "express-validator": {
      "version": "5.3.0",
      "resolved": "https://registry.npmjs.org/express-validator/-/express-validator-5.3.0.tgz",
      "integrity": "sha512-HYVtPt21zp2bHS4+xwxYNF63dlq/23kh+ZRVfyo7SBObhOpRyZ0vWolm/v9KPUfCyLqX8j7ZP42dbB0MWjCCcA==",
      "requires": {
        "lodash": "^4.17.10",
        "validator": "^10.4.0"
      },
      "dependencies": {
        "lodash": {
          "version": "4.17.11",
          "resolved": "https://registry.npmjs.org/lodash/-/lodash-4.17.11.tgz",
          "integrity": "sha512-cQKh8igo5QUhZ7lg38DYWAxMvjSAKG0A8wGSVimP07SIUEK2UO+arSRKbRZWtelMtN5V0Hkwh5ryOto/SshYIg=="
        }
      }
    },
    "serverless-dynamodb-local": {
      "version": "0.2.35",
      "resolved": "http://registry.npm.taobao.org/serverless-dynamodb-local/download/serverless-dynamodb-local-0.2.35.tgz",
      "dev": true,
      "requires": {
        "aws-sdk": "^2.7.0"
      },
      "dependencies": {
        "aws-sdk": {
          "version": "http://registry.npm.taobao.org/aws-sdk/download/aws-sdk-2.315.0.tgz"
        },
        "bluebird": {
          "version": "http://registry.npm.taobao.org/bluebird/download/bluebird-3.5.2.tgz"
        },
        "dynamodb-localhost": {
          "version": "http://registry.npm.taobao.org/dynamodb-localhost/download/dynamodb-localhost-0.0.6.tgz",
          "dependencies": {
            "mkdirp": {
              "version": "http://registry.npm.taobao.org/mkdirp/download/mkdirp-0.5.1.tgz",
              "bundled": true,
              "dependencies": {
                "minimist": {
                  "version": "http://registry.npm.taobao.org/minimist/download/minimist-0.0.8.tgz",
                  "bundled": true
                }
              }
            },
            "progress": {
              "version": "http://registry.npm.taobao.org/progress/download/progress-1.1.8.tgz",
              "bundled": true
            },
            "rmdir": {
              "version": "http://registry.npm.taobao.org/rmdir/download/rmdir-1.2.0.tgz",
              "bundled": true
            },
            "tar": {
              "version": "http://registry.npm.taobao.org/tar/download/tar-2.2.1.tgz",
              "bundled": true
            }
          }
        },
        "lodash": {
          "version": "http://registry.npm.taobao.org/lodash/download/lodash-4.17.11.tgz"
        }
      }
    },
    "serverless-http": {
      "version": "1.6.0",
      "resolved": "http://registry.npm.taobao.org/serverless-http/download/serverless-http-1.6.0.tgz"
    },
    "serverless-offline": {
      "version": "3.25.12",
      "resolved": "http://registry.npm.taobao.org/serverless-offline/download/serverless-offline-3.25.12.tgz",
      "dev": true,
      "dependencies": {
        "@babel/core": {
          "version": "http://registry.npm.taobao.org/@babel/core/download/@babel/core-7.0.1.tgz",
          "dependencies": {
            "@babel/code-frame": {
              "version": "http://registry.npm.taobao.org/@babel/code-frame/download/@babel/code-frame-7.0.0.tgz",
              "bundled": true,
              "dependencies": {
                "@babel/highlight": {
                  "version": "http://registry.npm.taobao.org/@babel/highlight/download/@babel/highlight-7.0.0.tgz",
                  "bundled": true
                }
              }
            },
            "@babel/generator": {
              "version": "http://registry.npm.taobao.org/@babel/generator/download/@babel/generator-7.0.0.tgz",
              "bundled": true
            },
            "@babel/helpers": {
              "version": "http://registry.npm.taobao.org/@babel/helpers/download/@babel/helpers-7.0.0.tgz",
              "bundled": true
            },
            "@babel/parser": {
              "version": "http://registry.npm.taobao.org/@babel/parser/download/@babel/parser-7.0.0.tgz",
              "bundled": true
            },
            "@babel/template": {
              "version": "http://registry.npm.taobao.org/@babel/template/download/@babel/template-7.0.0.tgz",
              "bundled": true,
              "dependencies": {
                "@babel/code-frame": {
                  "version": "http://registry.npm.taobao.org/@babel/code-frame/download/@babel/code-frame-7.0.0.tgz",
                  "bundled": true,
                  "dependencies": {
                    "@babel/highlight": {
                      "version": "http://registry.npm.taobao.org/@babel/highlight/download/@babel/highlight-7.0.0.tgz",
                      "bundled": true
                    }
                  }
                },
                "@babel/parser": {
                  "version": "http://registry.npm.taobao.org/@babel/parser/download/@babel/parser-7.0.0.tgz",
                  "bundled": true
                },
                "@babel/types": {
                  "version": "http://registry.npm.taobao.org/@babel/types/download/@babel/types-7.0.0.tgz",
                  "bundled": true,
                  "dependencies": {
                    "esutils": {
                      "version": "http://registry.npm.taobao.org/esutils/download/esutils-2.0.2.tgz",
                      "bundled": true
                    },
                    "lodash": {
                      "version": "http://registry.npm.taobao.org/lodash/download/lodash-4.17.11.tgz",
                      "bundled": true
                    },
                    "to-fast-properties": {
                      "version": "http://registry.npm.taobao.org/to-fast-properties/download/to-fast-properties-2.0.0.tgz",
                      "bundled": true
                    }
                  }
                }
              }
            },
            "@babel/traverse": {
              "version": "http://registry.npm.taobao.org/@babel/traverse/download/@babel/traverse-7.0.0.tgz",
              "bundled": true,
              "dependencies": {
                "@babel/code-frame": {
                  "version": "http://registry.npm.taobao.org/@babel/code-frame/download/@babel/code-frame-7.0.0.tgz",
                  "bundled": true,
                  "dependencies": {
                    "@babel/highlight": {
                      "version": "http://registry.npm.taobao.org/@babel/highlight/download/@babel/highlight-7.0.0.tgz",
                      "bundled": true
                    }
                  }
                },
                "@babel/generator": {
                  "version": "http://registry.npm.taobao.org/@babel/generator/download/@babel/generator-7.0.0.tgz",
                  "bundled": true,
                  "dependencies": {
                    "@babel/types": {
                      "version": "http://registry.npm.taobao.org/@babel/types/download/@babel/types-7.0.0.tgz",
                      "bundled": true
                    },
                    "jsesc": {
                      "version": "http://registry.npm.taobao.org/jsesc/download/jsesc-2.5.1.tgz",
                      "bundled": true
                    },
                    "lodash": {
                      "version": "http://registry.npm.taobao.org/lodash/download/lodash-4.17.11.tgz",
                      "bundled": true
                    },
                    "source-map": {
                      "version": "http://registry.npm.taobao.org/source-map/download/source-map-0.5.7.tgz",
                      "bundled": true
                    },
                    "trim-right": {
                      "version": "http://registry.npm.taobao.org/trim-right/download/trim-right-1.0.1.tgz",
                      "bundled": true
                    }
                  }
                },
                "@babel/helper-function-name": {
                  "version": "http://registry.npm.taobao.org/@babel/helper-function-name/download/@babel/helper-function-name-7.0.0.tgz",
                  "bundled": true
                },
                "@babel/helper-split-export-declaration": {
                  "version": "http://registry.npm.taobao.org/@babel/helper-split-export-declaration/download/@babel/helper-split-export-declaration-7.0.0.tgz",
                  "bundled": true
                },
                "@babel/parser": {
                  "version": "http://registry.npm.taobao.org/@babel/parser/download/@babel/parser-7.0.0.tgz",
                  "bundled": true
                },
                "@babel/types": {
                  "version": "http://registry.npm.taobao.org/@babel/types/download/@babel/types-7.0.0.tgz",
                  "bundled": true,
                  "dependencies": {
                    "esutils": {
                      "version": "http://registry.npm.taobao.org/esutils/download/esutils-2.0.2.tgz",
                      "bundled": true
                    },
                    "lodash": {
                      "version": "http://registry.npm.taobao.org/lodash/download/lodash-4.17.11.tgz",
                      "bundled": true
                    },
                    "to-fast-properties": {
                      "version": "http://registry.npm.taobao.org/to-fast-properties/download/to-fast-properties-2.0.0.tgz",
                      "bundled": true
                    }
                  }
                },
                "debug": {
                  "version": "http://registry.npm.taobao.org/debug/download/debug-3.2.5.tgz",
                  "bundled": true
                },
                "globals": {
                  "version": "http://registry.npm.taobao.org/globals/download/globals-11.7.0.tgz",
                  "bundled": true
                },
                "lodash": {
                  "version": "http://registry.npm.taobao.org/lodash/download/lodash-4.17.11.tgz",
                  "bundled": true
                }
              }
            },
            "@babel/types": {
              "version": "http://registry.npm.taobao.org/@babel/types/download/@babel/types-7.0.0.tgz",
              "bundled": true,
              "dependencies": {
                "esutils": {
                  "version": "http://registry.npm.taobao.org/esutils/download/esutils-2.0.2.tgz",
                  "bundled": true
                },
                "lodash": {
                  "version": "http://registry.npm.taobao.org/lodash/download/lodash-4.17.11.tgz",
                  "bundled": true
                },
                "to-fast-properties": {
                  "version": "http://registry.npm.taobao.org/to-fast-properties/download/to-fast-properties-2.0.0.tgz",
                  "bundled": true
                }
              }
            },
            "convert-source-map": {
              "version": "http://registry.npm.taobao.org/convert-source-map/download/convert-source-map-1.6.0.tgz",
              "bundled": true
            },
            "debug": {
              "version": "http://registry.npm.taobao.org/debug/download/debug-3.2.5.tgz",
              "bundled": true,
              "dependencies": {
                "ms": {
                  "version": "http://registry.npm.taobao.org/ms/download/ms-2.1.1.tgz",
                  "bundled": true
                }
              }
            },
            "json5": {
              "version": "http://registry.npm.taobao.org/json5/download/json5-0.5.1.tgz",
              "bundled": true
            },
            "lodash": {
              "version": "http://registry.npm.taobao.org/lodash/download/lodash-4.17.11.tgz",
              "bundled": true
            },
            "resolve": {
              "version": "http://registry.npm.taobao.org/resolve/download/resolve-1.8.1.tgz",
              "bundled": true
            },
            "semver": {
              "version": "http://registry.npm.taobao.org/semver/download/semver-5.5.1.tgz",
              "bundled": true
            },
            "source-map": {
              "version": "http://registry.npm.taobao.org/source-map/download/source-map-0.5.7.tgz",
              "bundled": true
            }
          }
        },
        "@babel/register": {
          "version": "http://registry.npm.taobao.org/@babel/register/download/@babel/register-7.0.0.tgz"
        },
        "boom": {
          "version": "http://registry.npm.taobao.org/boom/download/boom-4.3.1.tgz"
        },
        "h2o2": {
          "version": "http://registry.npm.taobao.org/h2o2/download/h2o2-5.4.0.tgz",
          "dependencies": {
            "boom": {
              "version": "http://registry.npm.taobao.org/boom/download/boom-3.2.2.tgz",
              "dependencies": {
                "hoek": {
                  "version": "http://registry.npm.taobao.org/hoek/download/hoek-4.2.1.tgz"
                }
              }
            },
            "hoek": {
              "version": "http://registry.npm.taobao.org/hoek/download/hoek-4.2.1.tgz"
            },
            "joi": {
              "version": "http://registry.npm.taobao.org/joi/download/joi-9.2.0.tgz"
            },
            "wreck": {
              "version": "http://registry.npm.taobao.org/wreck/download/wreck-9.0.0.tgz"
            }
          }
        },
        "hapi": {
          "version": "http://registry.npm.taobao.org/hapi/download/hapi-14.2.0.tgz",
          "dependencies": {
            "accept": {
              "version": "http://registry.npm.taobao.org/accept/download/accept-2.1.4.tgz"
            },
            "ammo": {
              "version": "http://registry.npm.taobao.org/ammo/download/ammo-2.0.4.tgz",
              "dependencies": {
                "boom": {
                  "version": "http://registry.npm.taobao.org/boom/download/boom-5.2.0.tgz",
                  "bundled": true,
                  "dependencies": {
                    "hoek": {
                      "version": "http://registry.npm.taobao.org/hoek/download/hoek-4.2.1.tgz",
                      "bundled": true
                    }
                  }
                },
                "hoek": {
                  "version": "http://registry.npm.taobao.org/hoek/download/hoek-4.2.1.tgz",
                  "bundled": true
                }
              }
            },
            "boom": {
              "version": "http://registry.npm.taobao.org/boom/download/boom-3.2.2.tgz"
            },
            "call": {
              "version": "http://registry.npm.taobao.org/call/download/call-3.0.4.tgz",
              "dependencies": {
                "boom": {
                  "version": "http://registry.npm.taobao.org/boom/download/boom-4.3.1.tgz",
                  "dependencies": {
                    "hoek": {
                      "version": "http://registry.npm.taobao.org/hoek/download/hoek-4.2.1.tgz"
                    }
                  }
                },
                "hoek": {
                  "version": "http://registry.npm.taobao.org/hoek/download/hoek-4.2.1.tgz"
                }
              }
            },
            "catbox": {
              "version": "http://registry.npm.taobao.org/catbox/download/catbox-7.1.5.tgz"
            },
            "catbox-memory": {
              "version": "http://registry.npm.taobao.org/catbox-memory/download/catbox-memory-2.0.4.tgz"
            },
            "cryptiles": {
              "version": "http://registry.npm.taobao.org/cryptiles/download/cryptiles-3.1.2.tgz"
            },
            "heavy": {
              "version": "http://registry.npm.taobao.org/heavy/download/heavy-4.0.4.tgz"
            },
            "hoek": {
              "version": "http://registry.npm.taobao.org/hoek/download/hoek-4.2.1.tgz"
            },
            "iron": {
              "version": "http://registry.npm.taobao.org/iron/download/iron-4.0.5.tgz"
            },
            "items": {
              "version": "http://registry.npm.taobao.org/items/download/items-2.1.1.tgz"
            },
            "joi": {
              "version": "http://registry.npm.taobao.org/joi/download/joi-9.2.0.tgz",
              "dependencies": {
                "hoek": {
                  "version": "http://registry.npm.taobao.org/hoek/download/hoek-4.2.1.tgz"
                },
                "isemail": {
                  "version": "http://registry.npm.taobao.org/isemail/download/isemail-2.2.1.tgz"
                },
                "items": {
                  "version": "http://registry.npm.taobao.org/items/download/items-2.1.1.tgz"
                },
                "moment": {
                  "version": "http://registry.npm.taobao.org/moment/download/moment-2.22.2.tgz"
                },
                "topo": {
                  "version": "http://registry.npm.taobao.org/topo/download/topo-2.0.2.tgz"
                }
              }
            },
            "kilt": {
              "version": "http://registry.npm.taobao.org/kilt/download/kilt-2.0.2.tgz"
            },
            "mimos": {
              "version": "http://registry.npm.taobao.org/mimos/download/mimos-3.0.3.tgz"
            },
            "peekaboo": {
              "version": "http://registry.npm.taobao.org/peekaboo/download/peekaboo-2.0.2.tgz"
            },
            "shot": {
              "version": "http://registry.npm.taobao.org/shot/download/shot-3.4.2.tgz"
            },
            "statehood": {
              "version": "http://registry.npm.taobao.org/statehood/download/statehood-4.1.0.tgz"
            },
            "subtext": {
              "version": "http://registry.npm.taobao.org/subtext/download/subtext-4.4.1.tgz"
            },
            "topo": {
              "version": "http://registry.npm.taobao.org/topo/download/topo-2.0.2.tgz",
              "dependencies": {
                "hoek": {
                  "version": "http://registry.npm.taobao.org/hoek/download/hoek-4.2.1.tgz"
                }
              }
            }
          }
        },
        "hapi-cors-headers": {
          "version": "http://registry.npm.taobao.org/hapi-cors-headers/download/hapi-cors-headers-1.0.3.tgz"
        },
        "js-string-escape": {
          "version": "http://registry.npm.taobao.org/js-string-escape/download/js-string-escape-1.0.1.tgz"
        },
        "jsonpath-plus": {
          "version": "http://registry.npm.taobao.org/jsonpath-plus/download/jsonpath-plus-0.16.0.tgz"
        },
        "jsonwebtoken": {
          "version": "http://registry.npm.taobao.org/jsonwebtoken/download/jsonwebtoken-8.3.0.tgz"
        },
        "lodash": {
          "version": "http://registry.npm.taobao.org/lodash/download/lodash-4.17.11.tgz"
        },
        "uuid": {
          "version": "http://registry.npm.taobao.org/uuid/download/uuid-3.3.2.tgz"
        },
        "velocityjs": {
          "version": "http://registry.npm.taobao.org/velocityjs/download/velocityjs-1.1.2.tgz"
        }
      }
    },
    "validator": {
      "version": "10.7.1",
      "resolved": "https://registry.npmjs.org/validator/-/validator-10.7.1.tgz",
      "integrity": "sha512-tbB5JrTczfeHKLw3PnFRzGFlF1xUAwSgXEDb66EuX1ffCirspYpDEZo3Vc9j38gPdL4JKrDc5UPFfgYiw1IWRQ=="
    }
  }
}
